
Microsoft Visual Studio Solution File, Format Version 12.00
# Visual Studio Version 16
VisualStudioVersion = 16.0.31205.134
MinimumVisualStudioVersion = 10.0.40219.1
Project("{9A19103F-16F7-4668-BE54-9A1E7A4F7556}") = "ProductCategories.Service", "ProductCategories.Service\ProductCategories.Service.csproj", "{0ACA82FC-628E-449B-A271-51A4FEBA126C}"
EndProject
Project("{9A19103F-16F7-4668-BE54-9A1E7A4F7556}") = "ProductCategories.Api", "ProductCategories.Api\ProductCategories.Api.csproj", "{9B275B07-947F-40CD-BF63-16CFC0C969F2}"
EndProject
Project("{9A19103F-16F7-4668-BE54-9A1E7A4F7556}") = "ProductCategories.Test", "ProductCategories.Test\ProductCategories.Test.csproj", "{5C7E5F3D-17AF-4A0C-A12B-F23B34DC3398}"
EndProject
Project("{9A19103F-16F7-4668-BE54-9A1E7A4F7556}") = "ProductCategories.UI", "ProductCategories.UI\ProductCategories.UI.csproj", "{2850C3C5-15BB-45EA-BFA4-F5A0FBF9CB39}"
EndProject
Project("{9A19103F-16F7-4668-BE54-9A1E7A4F7556}") = "ProductCategories.Core", "ProductCategories.Core\ProductCategories.Core.csproj", "{0DFA115C-551D-4099-9C79-783EB6E4AA01}"
EndProject
Project("{9A19103F-16F7-4668-BE54-9A1E7A4F7556}") = "ProductCategories.Data", "ProductCategories.Data\ProductCategories.Data.csproj", "{DEA78CB5-A4C7-4483-8AA9-42A8CBA05010}"
EndProject
Global
	GlobalSection(SolutionConfigurationPlatforms) = preSolution
		Debug|Any CPU = Debug|Any CPU
		Release|Any CPU = Release|Any CPU
	EndGlobalSection
	GlobalSection(ProjectConfigurationPlatforms) = postSolution
		{0ACA82FC-628E-449B-A271-51A4FEBA126C}.Debug|Any CPU.ActiveCfg = Debug|Any CPU
		{0ACA82FC-628E-449B-A271-51A4FEBA126C}.Debug|Any CPU.Build.0 = Debug|Any CPU
		{0ACA82FC-628E-449B-A271-51A4FEBA126C}.Release|Any CPU.ActiveCfg = Release|Any CPU
		{0ACA82FC-628E-449B-A271-51A4FEBA126C}.Release|Any CPU.Build.0 = Release|Any CPU
		{9B275B07-947F-40CD-BF63-16CFC0C969F2}.Debug|Any CPU.ActiveCfg = Debug|Any CPU
		{9B275B07-947F-40CD-BF63-16CFC0C969F2}.Debug|Any CPU.Build.0 = Debug|Any CPU
		{9B275B07-947F-40CD-BF63-16CFC0C969F2}.Release|Any CPU.ActiveCfg = Release|Any CPU
		{9B275B07-947F-40CD-BF63-16CFC0C969F2}.Release|Any CPU.Build.0 = Release|Any CPU
		{5C7E5F3D-17AF-4A0C-A12B-F23B34DC3398}.Debug|Any CPU.ActiveCfg = Debug|Any CPU
		{5C7E5F3D-17AF-4A0C-A12B-F23B34DC3398}.Debug|Any CPU.Build.0 = Debug|Any CPU
		{5C7E5F3D-17AF-4A0C-A12B-F23B34DC3398}.Release|Any CPU.ActiveCfg = Release|Any CPU
		{5C7E5F3D-17AF-4A0C-A12B-F23B34DC3398}.Release|Any CPU.Build.0 = Release|Any CPU
		{2850C3C5-15BB-45EA-BFA4-F5A0FBF9CB39}.Debug|Any CPU.ActiveCfg = Debug|Any CPU
		{2850C3C5-15BB-45EA-BFA4-F5A0FBF9CB39}.Debug|Any CPU.Build.0 = Debug|Any CPU
		{2850C3C5-15BB-45EA-BFA4-F5A0FBF9CB39}.Release|Any CPU.ActiveCfg = Release|Any CPU
		{2850C3C5-15BB-45EA-BFA4-F5A0FBF9CB39}.Release|Any CPU.Build.0 = Release|Any CPU
		{0DFA115C-551D-4099-9C79-783EB6E4AA01}.Debug|Any CPU.ActiveCfg = Debug|Any CPU
		{0DFA115C-551D-4099-9C79-783EB6E4AA01}.Debug|Any CPU.Build.0 = Debug|Any CPU
		{0DFA115C-551D-4099-9C79-783EB6E4AA01}.Release|Any CPU.ActiveCfg = Release|Any CPU
		{0DFA115C-551D-4099-9C79-783EB6E4AA01}.Release|Any CPU.Build.0 = Release|Any CPU
		{DEA78CB5-A4C7-4483-8AA9-42A8CBA05010}.Debug|Any CPU.ActiveCfg = Debug|Any CPU
		{DEA78CB5-A4C7-4483-8AA9-42A8CBA05010}.Debug|Any CPU.Build.0 = Debug|Any CPU
		{DEA78CB5-A4C7-4483-8AA9-42A8CBA05010}.Release|Any CPU.ActiveCfg = Release|Any CPU
		{DEA78CB5-A4C7-4483-8AA9-42A8CBA05010}.Release|Any CPU.Build.0 = Release|Any CPU
	EndGlobalSection
	GlobalSection(SolutionProperties) = preSolution
		HideSolutionNode = FALSE
	EndGlobalSection
	GlobalSection(ExtensibilityGlobals) = postSolution
		SolutionGuid = {94F64808-2651-4C1A-A23F-E692D4A386DD}
	EndGlobalSection
EndGlobal
